
Microsoft Visual Studio Solution File, Format Version 12.00
# Visual Studio 15
VisualStudioVersion = 15.0.28307.1000
MinimumVisualStudioVersion = 10.0.40219.1
Project("{8BC9CEB8-8B4A-11D0-8D11-00A0C91BC942}") = "Ch02", "Ch02\Ch02.vcxproj", "{F0E16BA9-3CE3-4987-8F38-F1E7312A8C2F}"
EndProject
Global
	GlobalSection(SolutionConfigurationPlatforms) = preSolution
		Debug|x64 = Debug|x64
		Release|x64 = Release|x64
	EndGlobalSection
	GlobalSection(ProjectConfigurationPlatforms) = postSolution
		{F0E16BA9-3CE3-4987-8F38-F1E7312A8C2F}.Debug|x64.ActiveCfg = Debug|x64
		{F0E16BA9-3CE3-4987-8F38-F1E7312A8C2F}.Debug|x64.Build.0 = Debug|x64
		{F0E16BA9-3CE3-4987-8F38-F1E7312A8C2F}.Release|x64.ActiveCfg = Release|x64
		{F0E16BA9-3CE3-4987-8F38-F1E7312A8C2F}.Release|x64.Build.0 = Release|x64
	EndGlobalSection
	GlobalSection(SolutionProperties) = preSolution
		HideSolutionNode = FALSE
	EndGlobalSection
	GlobalSection(ExtensibilityGlobals) = postSolution
		SolutionGuid = {3016D809-13E9-448F-AAB0-1685D34CA1FB}
	EndGlobalSection
EndGlobal
